
Microsoft Visual Studio Solution File, Format Version 12.00
# Visual Studio 2013
VisualStudioVersion = 12.0.21005.1
MinimumVisualStudioVersion = 10.0.40219.1
Project("{FAE04EC0-301F-11D3-BF4B-00C04F79EFBC}") = "PersistDataInMemory", "PersistDataInMemory\PersistDataInMemory.csproj", "{5E83AE2B-5B91-4F08-AC9F-4AA255E98A49}"
EndProject
Global
	GlobalSection(SolutionConfigurationPlatforms) = preSolution
		Debug|Any CPU = Debug|Any CPU
		Release|Any CPU = Release|Any CPU
	EndGlobalSection
	GlobalSection(ProjectConfigurationPlatforms) = postSolution
		{5E83AE2B-5B91-4F08-AC9F-4AA255E98A49}.Debug|Any CPU.ActiveCfg = Debug|Any CPU
		{5E83AE2B-5B91-4F08-AC9F-4AA255E98A49}.Debug|Any CPU.Build.0 = Debug|Any CPU
		{5E83AE2B-5B91-4F08-AC9F-4AA255E98A49}.Release|Any CPU.ActiveCfg = Release|Any CPU
		{5E83AE2B-5B91-4F08-AC9F-4AA255E98A49}.Release|Any CPU.Build.0 = Release|Any CPU
	EndGlobalSection
	GlobalSection(SolutionProperties) = preSolution
		HideSolutionNode = FALSE
	EndGlobalSection
EndGlobal
