
Microsoft Visual Studio Solution File, Format Version 12.00
# Visual Studio 2013
VisualStudioVersion = 12.0.21005.1
MinimumVisualStudioVersion = 10.0.40219.1
Project("{FAE04EC0-301F-11D3-BF4B-00C04F79EFBC}") = "Collections", "Collections\Collections.csproj", "{E87B8CD7-1E15-49A6-9121-89E7CBE0A238}"
EndProject
Project("{FAE04EC0-301F-11D3-BF4B-00C04F79EFBC}") = "Testing", "Testing\Testing.csproj", "{5ACF80CF-A4DB-45EC-A614-6390C6CB4463}"
EndProject
Global
	GlobalSection(SolutionConfigurationPlatforms) = preSolution
		Debug|Any CPU = Debug|Any CPU
		Release|Any CPU = Release|Any CPU
	EndGlobalSection
	GlobalSection(ProjectConfigurationPlatforms) = postSolution
		{E87B8CD7-1E15-49A6-9121-89E7CBE0A238}.Debug|Any CPU.ActiveCfg = Debug|Any CPU
		{E87B8CD7-1E15-49A6-9121-89E7CBE0A238}.Debug|Any CPU.Build.0 = Debug|Any CPU
		{E87B8CD7-1E15-49A6-9121-89E7CBE0A238}.Release|Any CPU.ActiveCfg = Release|Any CPU
		{E87B8CD7-1E15-49A6-9121-89E7CBE0A238}.Release|Any CPU.Build.0 = Release|Any CPU
		{5ACF80CF-A4DB-45EC-A614-6390C6CB4463}.Debug|Any CPU.ActiveCfg = Debug|Any CPU
		{5ACF80CF-A4DB-45EC-A614-6390C6CB4463}.Debug|Any CPU.Build.0 = Debug|Any CPU
		{5ACF80CF-A4DB-45EC-A614-6390C6CB4463}.Release|Any CPU.ActiveCfg = Release|Any CPU
		{5ACF80CF-A4DB-45EC-A614-6390C6CB4463}.Release|Any CPU.Build.0 = Release|Any CPU
	EndGlobalSection
	GlobalSection(SolutionProperties) = preSolution
		HideSolutionNode = FALSE
	EndGlobalSection
EndGlobal
