
Microsoft Visual Studio Solution File, Format Version 12.00
# Visual Studio 2013
VisualStudioVersion = 12.0.21005.1
MinimumVisualStudioVersion = 10.0.40219.1
Project("{FAE04EC0-301F-11D3-BF4B-00C04F79EFBC}") = "IntroToLINQ", "IntroToLINQ\IntroToLINQ.csproj", "{C619E2AC-FC46-41FD-AD99-ED6CF4B5BBDB}"
EndProject
Global
	GlobalSection(SolutionConfigurationPlatforms) = preSolution
		Debug|Any CPU = Debug|Any CPU
		Release|Any CPU = Release|Any CPU
	EndGlobalSection
	GlobalSection(ProjectConfigurationPlatforms) = postSolution
		{C619E2AC-FC46-41FD-AD99-ED6CF4B5BBDB}.Debug|Any CPU.ActiveCfg = Debug|Any CPU
		{C619E2AC-FC46-41FD-AD99-ED6CF4B5BBDB}.Debug|Any CPU.Build.0 = Debug|Any CPU
		{C619E2AC-FC46-41FD-AD99-ED6CF4B5BBDB}.Release|Any CPU.ActiveCfg = Release|Any CPU
		{C619E2AC-FC46-41FD-AD99-ED6CF4B5BBDB}.Release|Any CPU.Build.0 = Release|Any CPU
	EndGlobalSection
	GlobalSection(SolutionProperties) = preSolution
		HideSolutionNode = FALSE
	EndGlobalSection
EndGlobal
